<?xml version="1.0" encoding="utf-8"?>
<Project ToolsVersion="4.0" xmlns="http://schemas.microsoft.com/developer/msbuild/2003">
  <ItemGroup>
    <Filter Include="Source Files">
      <UniqueIdentifier>{c0252feb-a2b5-4855-a347-90059a6a1023}</UniqueIdentifier>
      <Extensions>cpp;c;cxx;rc;def;r;odl;hpj;bat;for;f90</Extensions>
    </Filter>
    <Filter Include="Resource Files">
      <UniqueIdentifier>{74f05f76-ec05-4394-8cfe-fe7ac390ceae}</UniqueIdentifier>
      <Extensions>ico;cur;bmp;dlg;rc2;rct;bin;cnt;rtf;gif;jpg;jpeg;jpe</Extensions>
    </Filter>
  </ItemGroup>
  <ItemGroup>
    <ClCompile Include="AlgorithmRemote.cpp">
      <Filter>Source Files</Filter>
    </ClCompile>
    <ClCompile Include="AlgorithmShared.cpp">
      <Filter>Source Files</Filter>
    </ClCompile>
    <ClCompile Include="CImgI.cpp">
      <Filter>Source Files</Filter>
    </ClCompile>
    <ClCompile Include="CrashReporting.cpp">
      <Filter>Source Files</Filter>
    </ClCompile>
    <ClCompile Include="Helpers.cpp">
      <Filter>Source Files</Filter>
    </ClCompile>
    <ClCompile Include="Memory.cpp">
      <Filter>Source Files</Filter>
    </ClCompile>
    <ClCompile Include="Photoshop.cpp">
      <Filter>Source Files</Filter>
    </ClCompile>
    <ClCompile Include="PhotoshopHelpers.cpp">
      <Filter>Source Files</Filter>
    </ClCompile>
    <ClCompile Include="PreviewRenderer.cpp">
      <Filter>Source Files</Filter>
    </ClCompile>
    <ClCompile Include="Settings.cpp">
      <Filter>Source Files</Filter>
    </ClCompile>
    <ClCompile Include="StringUtil.cpp">
      <Filter>Source Files</Filter>
    </ClCompile>
    <ClCompile Include="Threads.cpp">
      <Filter>Source Files</Filter>
    </ClCompile>
    <ClCompile Include="UI.cpp">
      <Filter>Source Files</Filter>
    </ClCompile>
  </ItemGroup>
  <ItemGroup>
    <ClInclude Include="AlgorithmRemote.h">
      <Filter>Source Files</Filter>
    </ClInclude>
    <ClInclude Include="AlgorithmRemoteProtocol.h">
      <Filter>Source Files</Filter>
    </ClInclude>
    <ClInclude Include="AlgorithmShared.h">
      <Filter>Source Files</Filter>
    </ClInclude>
    <ClInclude Include="CImgI.h">
      <Filter>Source Files</Filter>
    </ClInclude>
    <ClInclude Include="CrashReporting.h">
      <Filter>Source Files</Filter>
    </ClInclude>
    <ClInclude Include="Helpers.h">
      <Filter>Source Files</Filter>
    </ClInclude>
    <ClInclude Include="Memory.h">
      <Filter>Source Files</Filter>
    </ClInclude>
    <ClInclude Include="Photoshop.h">
      <Filter>Source Files</Filter>
    </ClInclude>
    <ClInclude Include="PhotoshopHelpers.h">
      <Filter>Source Files</Filter>
    </ClInclude>
    <ClInclude Include="PreviewRenderer.h">
      <Filter>Source Files</Filter>
    </ClInclude>
    <ClInclude Include="resource.h">
      <Filter>Source Files</Filter>
    </ClInclude>
    <ClInclude Include="Settings.h">
      <Filter>Source Files</Filter>
    </ClInclude>
    <ClInclude Include="StringUtil.h">
      <Filter>Source Files</Filter>
    </ClInclude>
    <ClInclude Include="Threads.h">
      <Filter>Source Files</Filter>
    </ClInclude>
    <ClInclude Include="UI.h">
      <Filter>Source Files</Filter>
    </ClInclude>
  </ItemGroup>
  <ItemGroup>
    <None Include="drag cursor.cur">
      <Filter>Resource Files</Filter>
    </None>
  </ItemGroup>
  <ItemGroup>
    <ResourceCompile Include="Greyc.rc">
      <Filter>Resource Files</Filter>
    </ResourceCompile>
  </ItemGroup>
  <ItemGroup>
    <CustomBuild Include="Greyc.r">
      <Filter>Resource Files</Filter>
    </CustomBuild>
  </ItemGroup>
</Project>